
Microsoft Visual Studio Solution File, Format Version 12.00
# Visual Studio Version 17
VisualStudioVersion = 17.11.35312.102
MinimumVisualStudioVersion = 10.0.40219.1
Project("{FAE04EC0-301F-11D3-BF4B-00C04F79EFBC}") = "WebApiConsume", "WebApiConsume\WebApiConsume.csproj", "{CF53DF77-6C30-4A54-A674-D4EE9EE5C9C4}"
EndProject
Global
	GlobalSection(SolutionConfigurationPlatforms) = preSolution
		Debug|Any CPU = Debug|Any CPU
		Release|Any CPU = Release|Any CPU
	EndGlobalSection
	GlobalSection(ProjectConfigurationPlatforms) = postSolution
		{CF53DF77-6C30-4A54-A674-D4EE9EE5C9C4}.Debug|Any CPU.ActiveCfg = Debug|Any CPU
		{CF53DF77-6C30-4A54-A674-D4EE9EE5C9C4}.Debug|Any CPU.Build.0 = Debug|Any CPU
		{CF53DF77-6C30-4A54-A674-D4EE9EE5C9C4}.Release|Any CPU.ActiveCfg = Release|Any CPU
		{CF53DF77-6C30-4A54-A674-D4EE9EE5C9C4}.Release|Any CPU.Build.0 = Release|Any CPU
	EndGlobalSection
	GlobalSection(SolutionProperties) = preSolution
		HideSolutionNode = FALSE
	EndGlobalSection
	GlobalSection(ExtensibilityGlobals) = postSolution
		SolutionGuid = {7D6C392F-443B-45FC-9747-26EBE5FD9725}
	EndGlobalSection
EndGlobal
